
Microsoft Visual Studio Solution File, Format Version 12.00
# Visual Studio Version 16
VisualStudioVersion = 16.0.31019.35
MinimumVisualStudioVersion = 15.0.26124.0
Project("{FAE04EC0-301F-11D3-BF4B-00C04F79EFBC}") = "DictionarySamplesConsole", "DictionarySamplesConsole\DictionarySamplesConsole.csproj", "{F854FD7F-DF51-4926-894B-DED6ABCC3744}"
EndProject
Global
	GlobalSection(SolutionConfigurationPlatforms) = preSolution
		Debug|Any CPU = Debug|Any CPU
		Debug|x64 = Debug|x64
		Debug|x86 = Debug|x86
		Release|Any CPU = Release|Any CPU
		Release|x64 = Release|x64
		Release|x86 = Release|x86
	EndGlobalSection
	GlobalSection(ProjectConfigurationPlatforms) = postSolution
		{F854FD7F-DF51-4926-894B-DED6ABCC3744}.Debug|Any CPU.ActiveCfg = Debug|Any CPU
		{F854FD7F-DF51-4926-894B-DED6ABCC3744}.Debug|Any CPU.Build.0 = Debug|Any CPU
		{F854FD7F-DF51-4926-894B-DED6ABCC3744}.Debug|x64.ActiveCfg = Debug|Any CPU
		{F854FD7F-DF51-4926-894B-DED6ABCC3744}.Debug|x64.Build.0 = Debug|Any CPU
		{F854FD7F-DF51-4926-894B-DED6ABCC3744}.Debug|x86.ActiveCfg = Debug|Any CPU
		{F854FD7F-DF51-4926-894B-DED6ABCC3744}.Debug|x86.Build.0 = Debug|Any CPU
		{F854FD7F-DF51-4926-894B-DED6ABCC3744}.Release|Any CPU.ActiveCfg = Release|Any CPU
		{F854FD7F-DF51-4926-894B-DED6ABCC3744}.Release|Any CPU.Build.0 = Release|Any CPU
		{F854FD7F-DF51-4926-894B-DED6ABCC3744}.Release|x64.ActiveCfg = Release|Any CPU
		{F854FD7F-DF51-4926-894B-DED6ABCC3744}.Release|x64.Build.0 = Release|Any CPU
		{F854FD7F-DF51-4926-894B-DED6ABCC3744}.Release|x86.ActiveCfg = Release|Any CPU
		{F854FD7F-DF51-4926-894B-DED6ABCC3744}.Release|x86.Build.0 = Release|Any CPU
	EndGlobalSection
	GlobalSection(SolutionProperties) = preSolution
		HideSolutionNode = FALSE
	EndGlobalSection
	GlobalSection(ExtensibilityGlobals) = postSolution
		SolutionGuid = {FA5D3266-9CA2-40F2-B189-1D139F3174EB}
	EndGlobalSection
EndGlobal
